<?xml version="1.0" encoding="utf-8"?>
<Project ToolsVersion="4.0" xmlns="http://schemas.microsoft.com/developer/msbuild/2003">
  <ItemGroup>
    <Filter Include="Engine">
      <UniqueIdentifier>{997B02C2-E11D-4510-BBA3-BA6166AD879D}</UniqueIdentifier>
    </Filter>
    <Filter Include="Engine\2D">
      <UniqueIdentifier>{1A20F185-B0F9-4AD5-A923-31898B5DFB22}</UniqueIdentifier>
    </Filter>
    <Filter Include="Engine\3D">
      <UniqueIdentifier>{F36F1466-04AE-4248-9C45-A96A6B2D176F}</UniqueIdentifier>
    </Filter>
    <Filter Include="Engine\3D\Animation">
      <UniqueIdentifier>{D3ECE3EB-E132-4397-931C-08CE72412E7E}</UniqueIdentifier>
    </Filter>
    <Filter Include="Engine\3D\Animation\DebugBone">
      <UniqueIdentifier>{27A9EA1A-B17C-4447-AFAF-A5A01EA66B53}</UniqueIdentifier>
    </Filter>
    <Filter Include="Engine\3D\Animation\Joint">
      <UniqueIdentifier>{923BCB36-57AD-4976-B2F1-47E21BE84C73}</UniqueIdentifier>
    </Filter>
    <Filter Include="Engine\3D\Animation\Play">
      <UniqueIdentifier>{B23B5ED2-5C57-429D-8174-F5FFF5DFB508}</UniqueIdentifier>
    </Filter>
    <Filter Include="Engine\3D\Animation\Skeleton">
      <UniqueIdentifier>{6343E0A3-18B3-46C5-BD8E-1A74BF523F2B}</UniqueIdentifier>
    </Filter>
    <Filter Include="Engine\3D\Animation\SkinCluster">
      <UniqueIdentifier>{7A2492BE-99BA-46B0-9500-4027BE5F3730}</UniqueIdentifier>
    </Filter>
    <Filter Include="Engine\Audio">
      <UniqueIdentifier>{431F163E-EF75-48B5-A8A5-E83D745E4BA6}</UniqueIdentifier>
    </Filter>
    <Filter Include="Engine\Base">
      <UniqueIdentifier>{118331BF-C7FC-48B7-BBE2-6001EC65B34A}</UniqueIdentifier>
    </Filter>
    <Filter Include="Engine\Base\Audio">
      <UniqueIdentifier>{3D42C1A1-8279-483B-9078-A8740A34423E}</UniqueIdentifier>
    </Filter>
    <Filter Include="Engine\Base\Collider">
      <UniqueIdentifier>{AEB9E998-C34B-4534-B680-5AB6F138174E}</UniqueIdentifier>
    </Filter>
    <Filter Include="Engine\Base\DxEngine">
      <UniqueIdentifier>{882A8EA6-FEFC-4A62-84DA-456F9BA219FB}</UniqueIdentifier>
    </Filter>
    <Filter Include="Engine\Base\DxEngine\DescriptorHeap">
      <UniqueIdentifier>{52FFECD6-8E31-4273-A09D-B2274DB77AB2}</UniqueIdentifier>
    </Filter>
    <Filter Include="Engine\Base\DxEngine\Pipeline">
      <UniqueIdentifier>{92CED327-219B-4FA2-9470-433C90756BBD}</UniqueIdentifier>
    </Filter>
    <Filter Include="Engine\Base\DxEngine\Pipeline\BlendState">
      <UniqueIdentifier>{F447D9A9-4708-44FA-A444-EC2339CD8276}</UniqueIdentifier>
    </Filter>
    <Filter Include="Engine\Base\DxEngine\Pipeline\CompileShader">
      <UniqueIdentifier>{52D7AB96-DDD9-4178-AD00-54B470A3A45B}</UniqueIdentifier>
    </Filter>
    <Filter Include="Engine\Base\DxEngine\Pipeline\DepthStencilState">
      <UniqueIdentifier>{F016E9F7-DDB4-476B-871F-83DA2E9EF3BE}</UniqueIdentifier>
    </Filter>
    <Filter Include="Engine\Base\DxEngine\Pipeline\InputLayout">
      <UniqueIdentifier>{AA045EFF-CBB3-4C27-9DBA-36B4A1F50598}</UniqueIdentifier>
    </Filter>
    <Filter Include="Engine\Base\DxEngine\Pipeline\RasterizerState">
      <UniqueIdentifier>{0FC3B961-6553-4BFE-B821-4AAF872CEC66}</UniqueIdentifier>
    </Filter>
    <Filter Include="Engine\Base\DxEngine\Pipeline\RootSignature">
      <UniqueIdentifier>{973228FA-A7FA-4564-8C0A-975D1AFE209C}</UniqueIdentifier>
    </Filter>
    <Filter Include="Engine\Base\DxEngine\RenderTexture">
      <UniqueIdentifier>{B8617136-D100-4E39-A413-9FB20A949132}</UniqueIdentifier>
    </Filter>
    <Filter Include="Engine\Base\Effect">
      <UniqueIdentifier>{EF35077B-51FC-46B8-9851-9B4FFDE8D94D}</UniqueIdentifier>
    </Filter>
    <Filter Include="Engine\Base\Framework">
      <UniqueIdentifier>{AE2C4E27-1C20-4104-AD50-923F66B2FC0C}</UniqueIdentifier>
    </Filter>
    <Filter Include="Engine\Base\Imgui">
      <UniqueIdentifier>{A2754E2B-9E61-4C28-AD81-EA3932BF91A7}</UniqueIdentifier>
    </Filter>
    <Filter Include="Engine\Base\Object">
      <UniqueIdentifier>{DC3213EB-701E-43B3-8F16-5C5AB727A927}</UniqueIdentifier>
    </Filter>
    <Filter Include="Engine\Base\Object\Camera">
      <UniqueIdentifier>{9655F3D6-6DE2-475A-A664-F550F3ED0B5B}</UniqueIdentifier>
    </Filter>
    <Filter Include="Engine\Base\Object\Light">
      <UniqueIdentifier>{E1409D99-1159-4FA7-AC44-5BB20ADCD9CB}</UniqueIdentifier>
    </Filter>
    <Filter Include="Engine\Base\Object\Light\Type">
      <UniqueIdentifier>{E3805AFB-2606-4A5D-8886-927C5CF466B6}</UniqueIdentifier>
    </Filter>
    <Filter Include="Engine\Base\Object\Model">
      <UniqueIdentifier>{56760905-B9BC-4F2C-AF1E-F18E1B05C672}</UniqueIdentifier>
    </Filter>
    <Filter Include="Engine\Base\Object\Particle">
      <UniqueIdentifier>{C0602D0D-2673-4285-BFE0-0E3E028BC5B9}</UniqueIdentifier>
    </Filter>
    <Filter Include="Engine\Base\Object\ShadowMap">
      <UniqueIdentifier>{EA45CBDA-C055-45F7-AB19-A946B1EBB2E0}</UniqueIdentifier>
    </Filter>
    <Filter Include="Engine\Base\Object\Sprite">
      <UniqueIdentifier>{9D53C406-11B3-44F0-B75D-42143B54D899}</UniqueIdentifier>
    </Filter>
    <Filter Include="Engine\Base\Object\Texture">
      <UniqueIdentifier>{2E1A53A9-424B-4B63-9E95-D711334A6E4F}</UniqueIdentifier>
    </Filter>
    <Filter Include="Engine\Base\Scene">
      <UniqueIdentifier>{EC4D405F-0BDA-464A-8344-1416CC73E76E}</UniqueIdentifier>
    </Filter>
    <Filter Include="Engine\Base\Scene\SceneFactory">
      <UniqueIdentifier>{F7A2DE6F-9C21-4AEF-81A7-B31FAF918744}</UniqueIdentifier>
    </Filter>
    <Filter Include="Engine\Input">
      <UniqueIdentifier>{EB4CDCA6-13FA-420D-B183-AE020B5BC528}</UniqueIdentifier>
    </Filter>
    <Filter Include="Engine\JsonFunction">
      <UniqueIdentifier>{4F41A673-543C-4495-BB23-857B8C77A8D3}</UniqueIdentifier>
    </Filter>
    <Filter Include="Engine\Math">
      <UniqueIdentifier>{28E0303C-B240-4C01-AE0F-347E1732855B}</UniqueIdentifier>
    </Filter>
    <Filter Include="Engine\Math\Structure">
      <UniqueIdentifier>{6F0E5054-2158-4D1F-9638-6E62F36582AF}</UniqueIdentifier>
    </Filter>
    <Filter Include="Externals">
      <UniqueIdentifier>{82A180EE-09E2-43A2-AF04-1E5F3572B2B9}</UniqueIdentifier>
    </Filter>
    <Filter Include="Externals\assimp">
      <UniqueIdentifier>{E8290C36-EFF5-4549-927F-854D447A7974}</UniqueIdentifier>
    </Filter>
    <Filter Include="Externals\assimp\include">
      <UniqueIdentifier>{7001E2FC-A2B0-4E26-B954-2439451A22EC}</UniqueIdentifier>
    </Filter>
    <Filter Include="Externals\assimp\include\assimp">
      <UniqueIdentifier>{3D6AF381-54FF-4676-B6AE-29159ECF25CC}</UniqueIdentifier>
    </Filter>
    <Filter Include="Externals\assimp\include\assimp\Compiler">
      <UniqueIdentifier>{91CB485D-4E94-42B4-AB48-8BDEBD83C91F}</UniqueIdentifier>
    </Filter>
    <Filter Include="Externals\assimp\include\assimp\port">
      <UniqueIdentifier>{5DA2842C-AC47-4B05-8AE7-2C98D7FAAE51}</UniqueIdentifier>
    </Filter>
    <Filter Include="Externals\assimp\include\assimp\port\AndroidJNI">
      <UniqueIdentifier>{E47E22D2-4FC5-482E-9A64-D04CD6753659}</UniqueIdentifier>
    </Filter>
    <Filter Include="Externals\DirectXTex">
      <UniqueIdentifier>{117EF093-C719-468F-B20D-F599EB534D8A}</UniqueIdentifier>
    </Filter>
    <Filter Include="Externals\DirectXTex\Shaders">
      <UniqueIdentifier>{D9CF668B-D5C6-4AAE-BBC5-5D28B7F6D4D6}</UniqueIdentifier>
    </Filter>
    <Filter Include="Externals\imgui">
      <UniqueIdentifier>{D026598E-5570-4B1E-8EE8-0D3BB82113B1}</UniqueIdentifier>
    </Filter>
    <Filter Include="Externals\nlohmann">
      <UniqueIdentifier>{04B987FD-2324-4495-B874-78D2863B64E9}</UniqueIdentifier>
    </Filter>
    <Filter Include="Game">
      <UniqueIdentifier>{8109A7DA-9D4D-42D1-90C3-2C4E9911F52F}</UniqueIdentifier>
    </Filter>
    <Filter Include="Game\Collision">
      <UniqueIdentifier>{60E4401A-22E5-4E28-84F7-1CEAA22A8A47}</UniqueIdentifier>
    </Filter>
    <Filter Include="Game\GameCamera">
      <UniqueIdentifier>{483FBC13-1CBD-4862-A55A-091755BF9795}</UniqueIdentifier>
    </Filter>
    <Filter Include="Game\Objects">
      <UniqueIdentifier>{3C0CF217-7F8C-4C36-B6AA-80A7E0164C0F}</UniqueIdentifier>
    </Filter>
    <Filter Include="Game\Objects\Character">
      <UniqueIdentifier>{C8E1367C-BD48-472C-AD4E-42E2CC58D360}</UniqueIdentifier>
    </Filter>
    <Filter Include="Game\Objects\Enemy">
      <UniqueIdentifier>{AF622746-4D9B-4124-B9EF-0AC22C1B30A1}</UniqueIdentifier>
    </Filter>
    <Filter Include="Game\Objects\Enemy\AdjustItem">
      <UniqueIdentifier>{8DBA044A-BEBC-414C-BA15-3B445F85359D}</UniqueIdentifier>
    </Filter>
    <Filter Include="Game\Objects\Enemy\Base">
      <UniqueIdentifier>{918ED023-34B7-49BB-A81A-D88E8EAB773F}</UniqueIdentifier>
    </Filter>
    <Filter Include="Game\Objects\Enemy\Bullet">
      <UniqueIdentifier>{E268936E-B9A8-486A-8808-4BFB678ECD75}</UniqueIdentifier>
    </Filter>
    <Filter Include="Game\Objects\Enemy\Effect">
      <UniqueIdentifier>{996723BE-6D9E-4D72-8BBB-3C9E766E84CD}</UniqueIdentifier>
    </Filter>
    <Filter Include="Game\Objects\Enemy\Ray">
      <UniqueIdentifier>{C8EFBFC6-DAA3-4C81-BDF6-D740534DFE50}</UniqueIdentifier>
    </Filter>
    <Filter Include="Game\Objects\Enemy\Spawner">
      <UniqueIdentifier>{91588546-6BE1-455E-8060-C1344A2DF1A9}</UniqueIdentifier>
    </Filter>
    <Filter Include="Game\Objects\Enemy\State">
      <UniqueIdentifier>{91658AE7-2FFB-4D87-8614-56AA11D5EDB4}</UniqueIdentifier>
    </Filter>
    <Filter Include="Game\Objects\Enemy\State\Melee">
      <UniqueIdentifier>{9424B27F-98AE-4846-8923-B7D96FBB61D8}</UniqueIdentifier>
    </Filter>
    <Filter Include="Game\Objects\Enemy\State\Ranged">
      <UniqueIdentifier>{ECF4BEBA-C275-409E-9898-B6139B82D6FA}</UniqueIdentifier>
    </Filter>
    <Filter Include="Game\Objects\Enemy\State\RangedElite">
      <UniqueIdentifier>{FE71EC7B-7542-4C4D-A537-8719E873AA5B}</UniqueIdentifier>
    </Filter>
    <Filter Include="Game\Objects\Enemy\State\ShieldBearer">
      <UniqueIdentifier>{3BC0ED78-DF47-4DBC-A87A-694AB93D1AFF}</UniqueIdentifier>
    </Filter>
    <Filter Include="Game\Objects\Enemy\Type">
      <UniqueIdentifier>{CA586295-9F1D-4FE8-B444-862A4E3EC699}</UniqueIdentifier>
    </Filter>
    <Filter Include="Game\Objects\Enemy\Weapon">
      <UniqueIdentifier>{E331FCFA-8D5B-443C-88C0-581F618D1B75}</UniqueIdentifier>
    </Filter>
    <Filter Include="Game\Objects\Enemy\Weapon\Axe">
      <UniqueIdentifier>{BDD061D3-9C42-4AD5-910A-4E8E551B6AEA}</UniqueIdentifier>
    </Filter>
    <Filter Include="Game\Objects\Enemy\Weapon\Shield">
      <UniqueIdentifier>{0D26EC54-A62C-4E30-9E17-850C4A02D43A}</UniqueIdentifier>
    </Filter>
    <Filter Include="Game\Objects\FieldObject">
      <UniqueIdentifier>{BFB50DF3-19BE-4E1C-8135-0F947C43328C}</UniqueIdentifier>
    </Filter>
    <Filter Include="Game\Objects\FieldObject\AdjustItem">
      <UniqueIdentifier>{7B387CD8-A55B-49E4-B235-384E090DE621}</UniqueIdentifier>
    </Filter>
    <Filter Include="Game\Objects\FieldObject\Effect">
      <UniqueIdentifier>{8A65F439-3840-495E-9FDB-BE1383059DC0}</UniqueIdentifier>
    </Filter>
    <Filter Include="Game\Objects\FieldObject\Factory">
      <UniqueIdentifier>{11038263-BC6C-4E9C-BABB-859BD0EE8CE6}</UniqueIdentifier>
    </Filter>
    <Filter Include="Game\Objects\Player">
      <UniqueIdentifier>{221C163A-6CB4-4D50-A518-8AC8563EA9F1}</UniqueIdentifier>
    </Filter>
    <Filter Include="Game\Objects\Player\AdjustItem">
      <UniqueIdentifier>{3D9627F2-4C5B-4EC3-96B4-2F83CAA3B19D}</UniqueIdentifier>
    </Filter>
    <Filter Include="Game\Objects\Player\Bullet">
      <UniqueIdentifier>{A9F3B3C0-70DA-4213-9A1E-A616A799B07A}</UniqueIdentifier>
    </Filter>
    <Filter Include="Game\Objects\Player\Effect">
      <UniqueIdentifier>{59C9424C-C3C4-430D-9356-782C843D685F}</UniqueIdentifier>
    </Filter>
    <Filter Include="Game\Objects\Player\Reticle">
      <UniqueIdentifier>{84A449CD-B787-48AF-91CD-8101E43E1875}</UniqueIdentifier>
    </Filter>
    <Filter Include="Game\Objects\Player\State">
      <UniqueIdentifier>{586ADFCD-F30A-4D6B-8261-AC057DA802DC}</UniqueIdentifier>
    </Filter>
    <Filter Include="Game\Scene">
      <UniqueIdentifier>{6E4E4CD6-0E3F-4D9B-8673-99E7FE9D0B58}</UniqueIdentifier>
    </Filter>
    <Filter Include="Game\Scene\GameClear">
      <UniqueIdentifier>{A4602A46-E753-4A73-95FC-98230D210E97}</UniqueIdentifier>
    </Filter>
    <Filter Include="Game\Scene\GameOver">
      <UniqueIdentifier>{99089857-AD03-4C76-9D23-621CD7F8138C}</UniqueIdentifier>
    </Filter>
    <Filter Include="Game\Scene\GameScene">
      <UniqueIdentifier>{D7DB225B-CECA-4194-ADE0-A1A0404C7A55}</UniqueIdentifier>
    </Filter>
    <Filter Include="Game\Scene\SceneFade">
      <UniqueIdentifier>{1AF7DF2C-8A41-4DBD-BAF0-AF8AC30123EC}</UniqueIdentifier>
    </Filter>
    <Filter Include="Game\Scene\TitleScene">
      <UniqueIdentifier>{1D4278C3-C82F-4406-ADA6-80D01933DE37}</UniqueIdentifier>
    </Filter>
    <Filter Include="Game\SearchAlgorithm">
      <UniqueIdentifier>{C023125C-73E8-4233-8ED0-E87B7AA97906}</UniqueIdentifier>
    </Filter>
    <Filter Include="Game\SearchAlgorithm\Collision">
      <UniqueIdentifier>{35445F7C-1E21-4B78-A8B5-8933D65461AB}</UniqueIdentifier>
    </Filter>
    <Filter Include="Game\SearchAlgorithm\DebugGrid">
      <UniqueIdentifier>{AAAD8F39-5E85-40D7-B19C-230880C8FDC5}</UniqueIdentifier>
    </Filter>
    <Filter Include="Game\SearchAlgorithm\Movement">
      <UniqueIdentifier>{827C7144-D99C-44EC-9BDE-4A4C14226C48}</UniqueIdentifier>
    </Filter>
    <Filter Include="Game\SearchAlgorithm\Navigation">
      <UniqueIdentifier>{FD881560-D931-42DA-BD4B-56A39597D18B}</UniqueIdentifier>
    </Filter>
    <Filter Include="Game\SearchAlgorithm\Sample">
      <UniqueIdentifier>{D640CB41-4ECA-4C02-832F-E1B93E5BAB03}</UniqueIdentifier>
    </Filter>
    <Filter Include="Game\Uis">
      <UniqueIdentifier>{1FA27EF3-007A-4E1F-9CD7-160C5102AE03}</UniqueIdentifier>
    </Filter>
    <Filter Include="Game\Uis\GameClearUI">
      <UniqueIdentifier>{AEF4CCA4-3DAB-4C21-842F-846710F0ACAD}</UniqueIdentifier>
    </Filter>
    <Filter Include="Game\Uis\GameOverUI">
      <UniqueIdentifier>{EAABC3F5-1714-4F97-817C-D6971E49C21C}</UniqueIdentifier>
    </Filter>
    <Filter Include="Game\Uis\GameSceneUIs">
      <UniqueIdentifier>{4BA571D1-5E35-4D16-ABFE-1321118574E0}</UniqueIdentifier>
    </Filter>
    <Filter Include="Game\Uis\Player">
      <UniqueIdentifier>{9E371282-248E-4989-B19F-74FAB6547996}</UniqueIdentifier>
    </Filter>
    <Filter Include="Game\Uis\Select">
      <UniqueIdentifier>{606C35F2-84C9-4D4E-8950-3756C2E0E576}</UniqueIdentifier>
    </Filter>
    <Filter Include="Game\Uis\Select\AdjustItem">
      <UniqueIdentifier>{5F5355A2-B929-4B6D-B7BC-1A8CEE977F95}</UniqueIdentifier>
    </Filter>
    <Filter Include="Game\Uis\TitleUI">
      <UniqueIdentifier>{B39FA733-4904-45B0-AD36-E383F98918AB}</UniqueIdentifier>
    </Filter>
    <Filter Include="Resources">
      <UniqueIdentifier>{B1632AE8-BEE8-4DC4-B1F0-FEB2DC45B63F}</UniqueIdentifier>
    </Filter>
    <Filter Include="Resources\Shaders">
      <UniqueIdentifier>{9981FC4D-86E6-470B-87B8-10A925A6D671}</UniqueIdentifier>
    </Filter>
  </ItemGroup>
  <ItemGroup>
    <ClCompile Include="Engine\2D\BaseUI.cpp">
      <Filter>Engine\2D</Filter>
    </ClCompile>
    <ClInclude Include="Engine\2D\BaseUI.h">
      <Filter>Engine\2D</Filter>
    </ClInclude>
    <ClCompile Include="Engine\2D\LoadTexture.cpp">
      <Filter>Engine\2D</Filter>
    </ClCompile>
    <ClInclude Include="Engine\2D\LoadTexture.h">
      <Filter>Engine\2D</Filter>
    </ClInclude>
    <ClCompile Include="Engine\2D\Logger.cpp">
      <Filter>Engine\2D</Filter>
    </ClCompile>
    <ClInclude Include="Engine\2D\Logger.h">
      <Filter>Engine\2D</Filter>
    </ClInclude>
    <ClCompile Include="Engine\2D\Sprite.cpp">
      <Filter>Engine\2D</Filter>
    </ClCompile>
    <ClInclude Include="Engine\2D\Sprite.h">
      <Filter>Engine\2D</Filter>
    </ClInclude>
    <ClCompile Include="Engine\3D\Animation\DebugBone\DebugBone.cpp">
      <Filter>Engine\3D\Animation\DebugBone</Filter>
    </ClCompile>
    <ClInclude Include="Engine\3D\Animation\DebugBone\DebugBone.h">
      <Filter>Engine\3D\Animation\DebugBone</Filter>
    </ClInclude>
    <ClCompile Include="Engine\3D\Animation\Joint\Joint.cpp">
      <Filter>Engine\3D\Animation\Joint</Filter>
    </ClCompile>
    <ClInclude Include="Engine\3D\Animation\Joint\Joint.h">
      <Filter>Engine\3D\Animation\Joint</Filter>
    </ClInclude>
    <ClCompile Include="Engine\3D\Animation\Play\PlayAnimation.cpp">
      <Filter>Engine\3D\Animation\Play</Filter>
    </ClCompile>
    <ClInclude Include="Engine\3D\Animation\Play\PlayAnimation.h">
      <Filter>Engine\3D\Animation\Play</Filter>
    </ClInclude>
    <ClCompile Include="Engine\3D\Animation\Skeleton\Skeleton.cpp">
      <Filter>Engine\3D\Animation\Skeleton</Filter>
    </ClCompile>
    <ClInclude Include="Engine\3D\Animation\Skeleton\Skeleton.h">
      <Filter>Engine\3D\Animation\Skeleton</Filter>
    </ClInclude>
    <ClCompile Include="Engine\3D\Animation\SkinCluster\SkinCluster.cpp">
      <Filter>Engine\3D\Animation\SkinCluster</Filter>
    </ClCompile>
    <ClInclude Include="Engine\3D\Animation\SkinCluster\SkinCluster.h">
      <Filter>Engine\3D\Animation\SkinCluster</Filter>
    </ClInclude>
    <ClCompile Include="Engine\3D\Animation\Animation.cpp">
      <Filter>Engine\3D\Animation</Filter>
    </ClCompile>
    <ClInclude Include="Engine\3D\Animation\Animation.h">
      <Filter>Engine\3D\Animation</Filter>
    </ClInclude>
    <ClCompile Include="Engine\3D\Line3d.cpp">
      <Filter>Engine\3D</Filter>
    </ClCompile>
    <ClInclude Include="Engine\3D\Line3d.h">
      <Filter>Engine\3D</Filter>
    </ClInclude>
    <ClCompile Include="Engine\3D\Model.cpp">
      <Filter>Engine\3D</Filter>
    </ClCompile>
    <ClInclude Include="Engine\3D\Model.h">
      <Filter>Engine\3D</Filter>
    </ClInclude>
    <ClCompile Include="Engine\3D\Object3d.cpp">
      <Filter>Engine\3D</Filter>
    </ClCompile>
    <ClInclude Include="Engine\3D\Object3d.h">
      <Filter>Engine\3D</Filter>
    </ClInclude>
    <ClCompile Include="Engine\3D\PrimitiveDrawr.cpp">
      <Filter>Engine\3D</Filter>
    </ClCompile>
    <ClInclude Include="Engine\3D\PrimitiveDrawr.h">
      <Filter>Engine\3D</Filter>
    </ClInclude>
    <ClCompile Include="Engine\3D\WorldTransform.cpp">
      <Filter>Engine\3D</Filter>
    </ClCompile>
    <ClInclude Include="Engine\3D\WorldTransform.h">
      <Filter>Engine\3D</Filter>
    </ClInclude>
    <ClCompile Include="Engine\Audio\Audio.cpp">
      <Filter>Engine\Audio</Filter>
    </ClCompile>
    <ClInclude Include="Engine\Audio\Audio.h">
      <Filter>Engine\Audio</Filter>
    </ClInclude>
    <ClCompile Include="Engine\Base\Audio\AudioManager.cpp">
      <Filter>Engine\Base\Audio</Filter>
    </ClCompile>
    <ClInclude Include="Engine\Base\Audio\AudioManager.h">
      <Filter>Engine\Base\Audio</Filter>
    </ClInclude>
    <ClCompile Include="Engine\Base\Collider\Collider.cpp">
      <Filter>Engine\Base\Collider</Filter>
    </ClCompile>
    <ClInclude Include="Engine\Base\Collider\Collider.h">
      <Filter>Engine\Base\Collider</Filter>
    </ClInclude>
    <ClInclude Include="Engine\Base\Collider\ColliderStruct.h">
      <Filter>Engine\Base\Collider</Filter>
    </ClInclude>
    <ClCompile Include="Engine\Base\Collider\Collision2D.cpp">
      <Filter>Engine\Base\Collider</Filter>
    </ClCompile>
    <ClInclude Include="Engine\Base\Collider\Collision2D.h">
      <Filter>Engine\Base\Collider</Filter>
    </ClInclude>
    <ClCompile Include="Engine\Base\Collider\Collision3D.cpp">
      <Filter>Engine\Base\Collider</Filter>
    </ClCompile>
    <ClInclude Include="Engine\Base\Collider\Collision3D.h">
      <Filter>Engine\Base\Collider</Filter>
    </ClInclude>
    <ClCompile Include="Engine\Base\Collider\CollisionManager.cpp">
      <Filter>Engine\Base\Collider</Filter>
    </ClCompile>
    <ClInclude Include="Engine\Base\Collider\CollisionManager.h">
      <Filter>Engine\Base\Collider</Filter>
    </ClInclude>
    <ClCompile Include="Engine\Base\DxEngine\DescriptorHeap\DescriptorHeap.cpp">
      <Filter>Engine\Base\DxEngine\DescriptorHeap</Filter>
    </ClCompile>
    <ClInclude Include="Engine\Base\DxEngine\DescriptorHeap\DescriptorHeap.h">
      <Filter>Engine\Base\DxEngine\DescriptorHeap</Filter>
    </ClInclude>
    <ClCompile Include="Engine\Base\DxEngine\DescriptorHeap\DsvManager.cpp">
      <Filter>Engine\Base\DxEngine\DescriptorHeap</Filter>
    </ClCompile>
    <ClInclude Include="Engine\Base\DxEngine\DescriptorHeap\DsvManager.h">
      <Filter>Engine\Base\DxEngine\DescriptorHeap</Filter>
    </ClInclude>
    <ClCompile Include="Engine\Base\DxEngine\DescriptorHeap\RtvManager.cpp">
      <Filter>Engine\Base\DxEngine\DescriptorHeap</Filter>
    </ClCompile>
    <ClInclude Include="Engine\Base\DxEngine\DescriptorHeap\RtvManager.h">
      <Filter>Engine\Base\DxEngine\DescriptorHeap</Filter>
    </ClInclude>
    <ClCompile Include="Engine\Base\DxEngine\DescriptorHeap\SrvManager.cpp">
      <Filter>Engine\Base\DxEngine\DescriptorHeap</Filter>
    </ClCompile>
    <ClInclude Include="Engine\Base\DxEngine\DescriptorHeap\SrvManager.h">
      <Filter>Engine\Base\DxEngine\DescriptorHeap</Filter>
    </ClInclude>
    <ClCompile Include="Engine\Base\DxEngine\Pipeline\BlendState\BlendStateBase.cpp">
      <Filter>Engine\Base\DxEngine\Pipeline\BlendState</Filter>
    </ClCompile>
    <ClInclude Include="Engine\Base\DxEngine\Pipeline\BlendState\BlendStateBase.h">
      <Filter>Engine\Base\DxEngine\Pipeline\BlendState</Filter>
    </ClInclude>
    <ClCompile Include="Engine\Base\DxEngine\Pipeline\BlendState\BlendStateFactory.cpp">
      <Filter>Engine\Base\DxEngine\Pipeline\BlendState</Filter>
    </ClCompile>
    <ClInclude Include="Engine\Base\DxEngine\Pipeline\BlendState\BlendStateFactory.h">
      <Filter>Engine\Base\DxEngine\Pipeline\BlendState</Filter>
    </ClInclude>
    <ClCompile Include="Engine\Base\DxEngine\Pipeline\CompileShader\CompileShaderBase.cpp">
      <Filter>Engine\Base\DxEngine\Pipeline\CompileShader</Filter>
    </ClCompile>
    <ClInclude Include="Engine\Base\DxEngine\Pipeline\CompileShader\CompileShaderBase.h">
      <Filter>Engine\Base\DxEngine\Pipeline\CompileShader</Filter>
    </ClInclude>
    <ClCompile Include="Engine\Base\DxEngine\Pipeline\CompileShader\CompileShaderFactory.cpp">
      <Filter>Engine\Base\DxEngine\Pipeline\CompileShader</Filter>
    </ClCompile>
    <ClInclude Include="Engine\Base\DxEngine\Pipeline\CompileShader\CompileShaderFactory.h">
      <Filter>Engine\Base\DxEngine\Pipeline\CompileShader</Filter>
    </ClInclude>
    <ClCompile Include="Engine\Base\DxEngine\Pipeline\DepthStencilState\DepthStencilStateBase.cpp">
      <Filter>Engine\Base\DxEngine\Pipeline\DepthStencilState</Filter>
    </ClCompile>
    <ClInclude Include="Engine\Base\DxEngine\Pipeline\DepthStencilState\DepthStencilStateBase.h">
      <Filter>Engine\Base\DxEngine\Pipeline\DepthStencilState</Filter>
    </ClInclude>
    <ClCompile Include="Engine\Base\DxEngine\Pipeline\DepthStencilState\DepthStencilStateFactory.cpp">
      <Filter>Engine\Base\DxEngine\Pipeline\DepthStencilState</Filter>
    </ClCompile>
    <ClInclude Include="Engine\Base\DxEngine\Pipeline\DepthStencilState\DepthStencilStateFactory.h">
      <Filter>Engine\Base\DxEngine\Pipeline\DepthStencilState</Filter>
    </ClInclude>
    <ClCompile Include="Engine\Base\DxEngine\Pipeline\InputLayout\InputLayoutBase.cpp">
      <Filter>Engine\Base\DxEngine\Pipeline\InputLayout</Filter>
    </ClCompile>
    <ClInclude Include="Engine\Base\DxEngine\Pipeline\InputLayout\InputLayoutBase.h">
      <Filter>Engine\Base\DxEngine\Pipeline\InputLayout</Filter>
    </ClInclude>
    <ClCompile Include="Engine\Base\DxEngine\Pipeline\InputLayout\InputLayoutFactory.cpp">
      <Filter>Engine\Base\DxEngine\Pipeline\InputLayout</Filter>
    </ClCompile>
    <ClInclude Include="Engine\Base\DxEngine\Pipeline\InputLayout\InputLayoutFactory.h">
      <Filter>Engine\Base\DxEngine\Pipeline\InputLayout</Filter>
    </ClInclude>
    <ClCompile Include="Engine\Base\DxEngine\Pipeline\RasterizerState\RasterizerStateBase.cpp">
      <Filter>Engine\Base\DxEngine\Pipeline\RasterizerState</Filter>
    </ClCompile>
    <ClInclude Include="Engine\Base\DxEngine\Pipeline\RasterizerState\RasterizerStateBase.h">
      <Filter>Engine\Base\DxEngine\Pipeline\RasterizerState</Filter>
    </ClInclude>
    <ClCompile Include="Engine\Base\DxEngine\Pipeline\RasterizerState\RasterizerStateFactory.cpp">
      <Filter>Engine\Base\DxEngine\Pipeline\RasterizerState</Filter>
    </ClCompile>
    <ClInclude Include="Engine\Base\DxEngine\Pipeline\RasterizerState\RasterizerStateFactory.h">
      <Filter>Engine\Base\DxEngine\Pipeline\RasterizerState</Filter>
    </ClInclude>
    <ClInclude Include="Engine\Base\DxEngine\Pipeline\RootSignature\AnimationOutLineMaskRootSignature.h">
      <Filter>Engine\Base\DxEngine\Pipeline\RootSignature</Filter>
    </ClInclude>
    <ClInclude Include="Engine\Base\DxEngine\Pipeline\RootSignature\AnimationRootSignature.h">
      <Filter>Engine\Base\DxEngine\Pipeline\RootSignature</Filter>
    </ClInclude>
    <ClInclude Include="Engine\Base\DxEngine\Pipeline\RootSignature\AnimationShadowMapDepthRootSignature.h">
      <Filter>Engine\Base\DxEngine\Pipeline\RootSignature</Filter>
    </ClInclude>
    <ClInclude Include="Engine\Base\DxEngine\Pipeline\RootSignature\Line3dRootSignature.h">
      <Filter>Engine\Base\DxEngine\Pipeline\RootSignature</Filter>
    </ClInclude>
    <ClInclude Include="Engine\Base\DxEngine\Pipeline\RootSignature\Object3dRootSignature.h">
      <Filter>Engine\Base\DxEngine\Pipeline\RootSignature</Filter>
    </ClInclude>
    <ClInclude Include="Engine\Base\DxEngine\Pipeline\RootSignature\ObjectShadowMapDepthRootSignature.h">
      <Filter>Engine\Base\DxEngine\Pipeline\RootSignature</Filter>
    </ClInclude>
    <ClInclude Include="Engine\Base\DxEngine\Pipeline\RootSignature\OutLineMaskRootSignature.h">
      <Filter>Engine\Base\DxEngine\Pipeline\RootSignature</Filter>
    </ClInclude>
    <ClInclude Include="Engine\Base\DxEngine\Pipeline\RootSignature\ParticleRootSignature.h">
      <Filter>Engine\Base\DxEngine\Pipeline\RootSignature</Filter>
    </ClInclude>
    <ClInclude Include="Engine\Base\DxEngine\Pipeline\RootSignature\PrimitiveDrawrRootSignature.h">
      <Filter>Engine\Base\DxEngine\Pipeline\RootSignature</Filter>
    </ClInclude>
    <ClInclude Include="Engine\Base\DxEngine\Pipeline\RootSignature\RenderTextureRootSignature.h">
      <Filter>Engine\Base\DxEngine\Pipeline\RootSignature</Filter>
    </ClInclude>
    <ClCompile Include="Engine\Base\DxEngine\Pipeline\RootSignature\RootSignatureBase.cpp">
      <Filter>Engine\Base\DxEngine\Pipeline\RootSignature</Filter>
    </ClCompile>
    <ClInclude Include="Engine\Base\DxEngine\Pipeline\RootSignature\RootSignatureBase.h">
      <Filter>Engine\Base\DxEngine\Pipeline\RootSignature</Filter>
    </ClInclude>
    <ClCompile Include="Engine\Base\DxEngine\Pipeline\RootSignature\RootSignatureFactory.cpp">
      <Filter>Engine\Base\DxEngine\Pipeline\RootSignature</Filter>
    </ClCompile>
    <ClInclude Include="Engine\Base\DxEngine\Pipeline\RootSignature\RootSignatureFactory.h">
      <Filter>Engine\Base\DxEngine\Pipeline\RootSignature</Filter>
    </ClInclude>
    <ClInclude Include="Engine\Base\DxEngine\Pipeline\RootSignature\SkyboxRootSignature.h">
      <Filter>Engine\Base\DxEngine\Pipeline\RootSignature</Filter>
    </ClInclude>
    <ClInclude Include="Engine\Base\DxEngine\Pipeline\RootSignature\SpriteDissolveRootSignature.h">
      <Filter>Engine\Base\DxEngine\Pipeline\RootSignature</Filter>
    </ClInclude>
    <ClInclude Include="Engine\Base\DxEngine\Pipeline\RootSignature\SpriteRootSignature.h">
      <Filter>Engine\Base\DxEngine\Pipeline\RootSignature</Filter>
    </ClInclude>
    <ClCompile Include="Engine\Base\DxEngine\Pipeline\PipelineState.cpp">
      <Filter>Engine\Base\DxEngine\Pipeline</Filter>
    </ClCompile>
    <ClInclude Include="Engine\Base\DxEngine\Pipeline\PipelineState.h">
      <Filter>Engine\Base\DxEngine\Pipeline</Filter>
    </ClInclude>
    <ClCompile Include="Engine\Base\DxEngine\RenderTexture\DepthStencilTexture.cpp">
      <Filter>Engine\Base\DxEngine\RenderTexture</Filter>
    </ClCompile>
    <ClInclude Include="Engine\Base\DxEngine\RenderTexture\DepthStencilTexture.h">
      <Filter>Engine\Base\DxEngine\RenderTexture</Filter>
    </ClInclude>
    <ClCompile Include="Engine\Base\DxEngine\RenderTexture\RenderTexture.cpp">
      <Filter>Engine\Base\DxEngine\RenderTexture</Filter>
    </ClCompile>
    <ClInclude Include="Engine\Base\DxEngine\RenderTexture\RenderTexture.h">
      <Filter>Engine\Base\DxEngine\RenderTexture</Filter>
    </ClInclude>
    <ClCompile Include="Engine\Base\DxEngine\CreateBufferResource.cpp">
      <Filter>Engine\Base\DxEngine</Filter>
    </ClCompile>
    <ClInclude Include="Engine\Base\DxEngine\CreateBufferResource.h">
      <Filter>Engine\Base\DxEngine</Filter>
    </ClInclude>
    <ClCompile Include="Engine\Base\DxEngine\D3DResourceLeakChecker.cpp">
      <Filter>Engine\Base\DxEngine</Filter>
    </ClCompile>
    <ClInclude Include="Engine\Base\DxEngine\D3DResourceLeakChecker.h">
      <Filter>Engine\Base\DxEngine</Filter>
    </ClInclude>
    <ClCompile Include="Engine\Base\DxEngine\DirectXEngine.cpp">
      <Filter>Engine\Base\DxEngine</Filter>
    </ClCompile>
    <ClInclude Include="Engine\Base\DxEngine\DirectXEngine.h">
      <Filter>Engine\Base\DxEngine</Filter>
    </ClInclude>
    <ClInclude Include="Engine\Base\DxEngine\ResourceObject.h">
      <Filter>Engine\Base\DxEngine</Filter>
    </ClInclude>
    <ClCompile Include="Engine\Base\DxEngine\StringUtility.cpp">
      <Filter>Engine\Base\DxEngine</Filter>
    </ClCompile>
    <ClInclude Include="Engine\Base\DxEngine\StringUtility.h">
      <Filter>Engine\Base\DxEngine</Filter>
    </ClInclude>
    <ClCompile Include="Engine\Base\DxEngine\WinApp.cpp">
      <Filter>Engine\Base\DxEngine</Filter>
    </ClCompile>
    <ClInclude Include="Engine\Base\DxEngine\WinApp.h">
      <Filter>Engine\Base\DxEngine</Filter>
    </ClInclude>
    <ClCompile Include="Engine\Base\Effect\PostEffectManager.cpp">
      <Filter>Engine\Base\Effect</Filter>
    </ClCompile>
    <ClInclude Include="Engine\Base\Effect\PostEffectManager.h">
      <Filter>Engine\Base\Effect</Filter>
    </ClInclude>
    <ClInclude Include="Engine\Base\Effect\PostEffectType.h">
      <Filter>Engine\Base\Effect</Filter>
    </ClInclude>
    <ClCompile Include="Engine\Base\Framework\DeltaTimer.cpp">
      <Filter>Engine\Base\Framework</Filter>
    </ClCompile>
    <ClInclude Include="Engine\Base\Framework\DeltaTimer.h">
      <Filter>Engine\Base\Framework</Filter>
    </ClInclude>
    <ClCompile Include="Engine\Base\Framework\Framework.cpp">
      <Filter>Engine\Base\Framework</Filter>
    </ClCompile>
    <ClInclude Include="Engine\Base\Framework\Framework.h">
      <Filter>Engine\Base\Framework</Filter>
    </ClInclude>
    <ClCompile Include="Engine\Base\Framework\MyGame.cpp">
      <Filter>Engine\Base\Framework</Filter>
    </ClCompile>
    <ClInclude Include="Engine\Base\Framework\MyGame.h">
      <Filter>Engine\Base\Framework</Filter>
    </ClInclude>
    <ClCompile Include="Engine\Base\Imgui\ImGuiManager.cpp">
      <Filter>Engine\Base\Imgui</Filter>
    </ClCompile>
    <ClInclude Include="Engine\Base\Imgui\ImGuiManager.h">
      <Filter>Engine\Base\Imgui</Filter>
    </ClInclude>
    <ClCompile Include="Engine\Base\Object\Camera\Camera.cpp">
      <Filter>Engine\Base\Object\Camera</Filter>
    </ClCompile>
    <ClInclude Include="Engine\Base\Object\Camera\Camera.h">
      <Filter>Engine\Base\Object\Camera</Filter>
    </ClInclude>
    <ClCompile Include="Engine\Base\Object\Camera\CameraManager.cpp">
      <Filter>Engine\Base\Object\Camera</Filter>
    </ClCompile>
    <ClInclude Include="Engine\Base\Object\Camera\CameraManager.h">
      <Filter>Engine\Base\Object\Camera</Filter>
    </ClInclude>
    <ClCompile Include="Engine\Base\Object\Light\Type\BaseLight.cpp">
      <Filter>Engine\Base\Object\Light\Type</Filter>
    </ClCompile>
    <ClInclude Include="Engine\Base\Object\Light\Type\BaseLight.h">
      <Filter>Engine\Base\Object\Light\Type</Filter>
    </ClInclude>
    <ClCompile Include="Engine\Base\Object\Light\Type\DirectionalLight.cpp">
      <Filter>Engine\Base\Object\Light\Type</Filter>
    </ClCompile>
    <ClInclude Include="Engine\Base\Object\Light\Type\DirectionalLight.h">
      <Filter>Engine\Base\Object\Light\Type</Filter>
    </ClInclude>
    <ClCompile Include="Engine\Base\Object\Light\Type\PointLight.cpp">
      <Filter>Engine\Base\Object\Light\Type</Filter>
    </ClCompile>
    <ClInclude Include="Engine\Base\Object\Light\Type\PointLight.h">
      <Filter>Engine\Base\Object\Light\Type</Filter>
    </ClInclude>
    <ClCompile Include="Engine\Base\Object\Light\Type\SpotLight.cpp">
      <Filter>Engine\Base\Object\Light\Type</Filter>
    </ClCompile>
    <ClInclude Include="Engine\Base\Object\Light\Type\SpotLight.h">
      <Filter>Engine\Base\Object\Light\Type</Filter>
    </ClInclude>
    <ClCompile Include="Engine\Base\Object\Light\LightManager.cpp">
      <Filter>Engine\Base\Object\Light</Filter>
    </ClCompile>
    <ClInclude Include="Engine\Base\Object\Light\LightManager.h">
      <Filter>Engine\Base\Object\Light</Filter>
    </ClInclude>
    <ClCompile Include="Engine\Base\Object\Model\AnimationBase.cpp">
      <Filter>Engine\Base\Object\Model</Filter>
    </ClCompile>
    <ClInclude Include="Engine\Base\Object\Model\AnimationBase.h">
      <Filter>Engine\Base\Object\Model</Filter>
    </ClInclude>
    <ClCompile Include="Engine\Base\Object\Model\Line3dBase.cpp">
      <Filter>Engine\Base\Object\Model</Filter>
    </ClCompile>
    <ClInclude Include="Engine\Base\Object\Model\Line3dBase.h">
      <Filter>Engine\Base\Object\Model</Filter>
    </ClInclude>
    <ClCompile Include="Engine\Base\Object\Model\LineInstanceRenderer.cpp">
      <Filter>Engine\Base\Object\Model</Filter>
    </ClCompile>
    <ClInclude Include="Engine\Base\Object\Model\LineInstanceRenderer.h">
      <Filter>Engine\Base\Object\Model</Filter>
    </ClInclude>
    <ClCompile Include="Engine\Base\Object\Model\ModelInstanceRenderer.cpp">
      <Filter>Engine\Base\Object\Model</Filter>
    </ClCompile>
    <ClInclude Include="Engine\Base\Object\Model\ModelInstanceRenderer.h">
      <Filter>Engine\Base\Object\Model</Filter>
    </ClInclude>
    <ClCompile Include="Engine\Base\Object\Model\ModelManager.cpp">
      <Filter>Engine\Base\Object\Model</Filter>
    </ClCompile>
    <ClInclude Include="Engine\Base\Object\Model\ModelManager.h">
      <Filter>Engine\Base\Object\Model</Filter>
    </ClInclude>
    <ClCompile Include="Engine\Base\Object\Model\Object3dBase.cpp">
      <Filter>Engine\Base\Object\Model</Filter>
    </ClCompile>
    <ClInclude Include="Engine\Base\Object\Model\Object3dBase.h">
      <Filter>Engine\Base\Object\Model</Filter>
    </ClInclude>
    <ClCompile Include="Engine\Base\Object\Model\PrimitiveDrawrBase.cpp">
      <Filter>Engine\Base\Object\Model</Filter>
    </ClCompile>
    <ClInclude Include="Engine\Base\Object\Model\PrimitiveDrawrBase.h">
      <Filter>Engine\Base\Object\Model</Filter>
    </ClInclude>
    <ClCompile Include="Engine\Base\Object\Particle\ParticleEditor.cpp">
      <Filter>Engine\Base\Object\Particle</Filter>
    </ClCompile>
    <ClInclude Include="Engine\Base\Object\Particle\ParticleEditor.h">
      <Filter>Engine\Base\Object\Particle</Filter>
    </ClInclude>
    <ClCompile Include="Engine\Base\Object\Particle\ParticleEmitter.cpp">
      <Filter>Engine\Base\Object\Particle</Filter>
    </ClCompile>
    <ClInclude Include="Engine\Base\Object\Particle\ParticleEmitter.h">
      <Filter>Engine\Base\Object\Particle</Filter>
    </ClInclude>
    <ClCompile Include="Engine\Base\Object\Particle\ParticleManager.cpp">
      <Filter>Engine\Base\Object\Particle</Filter>
    </ClCompile>
    <ClInclude Include="Engine\Base\Object\Particle\ParticleManager.h">
      <Filter>Engine\Base\Object\Particle</Filter>
    </ClInclude>
    <ClCompile Include="Engine\Base\Object\ShadowMap\ShadowMap.cpp">
      <Filter>Engine\Base\Object\ShadowMap</Filter>
    </ClCompile>
    <ClInclude Include="Engine\Base\Object\ShadowMap\ShadowMap.h">
      <Filter>Engine\Base\Object\ShadowMap</Filter>
    </ClInclude>
    <ClCompile Include="Engine\Base\Object\Sprite\SpriteBase.cpp">
      <Filter>Engine\Base\Object\Sprite</Filter>
    </ClCompile>
    <ClInclude Include="Engine\Base\Object\Sprite\SpriteBase.h">
      <Filter>Engine\Base\Object\Sprite</Filter>
    </ClInclude>
    <ClCompile Include="Engine\Base\Object\Texture\TextureManager.cpp">
      <Filter>Engine\Base\Object\Texture</Filter>
    </ClCompile>
    <ClInclude Include="Engine\Base\Object\Texture\TextureManager.h">
      <Filter>Engine\Base\Object\Texture</Filter>
    </ClInclude>
    <ClCompile Include="Engine\Base\Object\SceneRenderer.cpp">
      <Filter>Engine\Base\Object</Filter>
    </ClCompile>
    <ClInclude Include="Engine\Base\Object\SceneRenderer.h">
      <Filter>Engine\Base\Object</Filter>
    </ClInclude>
    <ClCompile Include="Engine\Base\Scene\SceneFactory\AbstractSceneFactory.cpp">
      <Filter>Engine\Base\Scene\SceneFactory</Filter>
    </ClCompile>
    <ClInclude Include="Engine\Base\Scene\SceneFactory\AbstractSceneFactory.h">
      <Filter>Engine\Base\Scene\SceneFactory</Filter>
    </ClInclude>
    <ClCompile Include="Engine\Base\Scene\SceneFactory\SceneFactory.cpp">
      <Filter>Engine\Base\Scene\SceneFactory</Filter>
    </ClCompile>
    <ClInclude Include="Engine\Base\Scene\SceneFactory\SceneFactory.h">
      <Filter>Engine\Base\Scene\SceneFactory</Filter>
    </ClInclude>
    <ClCompile Include="Engine\Base\Scene\BaseScene.cpp">
      <Filter>Engine\Base\Scene</Filter>
    </ClCompile>
    <ClInclude Include="Engine\Base\Scene\BaseScene.h">
      <Filter>Engine\Base\Scene</Filter>
    </ClInclude>
    <ClCompile Include="Engine\Base\Scene\SceneManager.cpp">
      <Filter>Engine\Base\Scene</Filter>
    </ClCompile>
    <ClInclude Include="Engine\Base\Scene\SceneManager.h">
      <Filter>Engine\Base\Scene</Filter>
    </ClInclude>
    <ClCompile Include="Engine\Input\Input.cpp">
      <Filter>Engine\Input</Filter>
    </ClCompile>
    <ClInclude Include="Engine\Input\Input.h">
      <Filter>Engine\Input</Filter>
    </ClInclude>
    <ClCompile Include="Engine\JsonFunction\JsonFunction.cpp">
      <Filter>Engine\JsonFunction</Filter>
    </ClCompile>
    <ClInclude Include="Engine\JsonFunction\JsonFunction.h">
      <Filter>Engine\JsonFunction</Filter>
    </ClInclude>
    <ClCompile Include="Engine\JsonFunction\SceneJsonLoader.cpp">
      <Filter>Engine\JsonFunction</Filter>
    </ClCompile>
    <ClInclude Include="Engine\JsonFunction\SceneJsonLoader.h">
      <Filter>Engine\JsonFunction</Filter>
    </ClInclude>
    <ClInclude Include="Engine\Math\Structure\Easing.h">
      <Filter>Engine\Math\Structure</Filter>
    </ClInclude>
    <ClInclude Include="Engine\Math\Structure\Matrix3x3.h">
      <Filter>Engine\Math\Structure</Filter>
    </ClInclude>
    <ClCompile Include="Engine\Math\Structure\Matrix4x4.cpp">
      <Filter>Engine\Math\Structure</Filter>
    </ClCompile>
    <ClInclude Include="Engine\Math\Structure\Matrix4x4.h">
      <Filter>Engine\Math\Structure</Filter>
    </ClInclude>
    <ClCompile Include="Engine\Math\Structure\Quaternion.cpp">
      <Filter>Engine\Math\Structure</Filter>
    </ClCompile>
    <ClInclude Include="Engine\Math\Structure\Quaternion.h">
      <Filter>Engine\Math\Structure</Filter>
    </ClInclude>
    <ClInclude Include="Engine\Math\Structure\Transform.h">
      <Filter>Engine\Math\Structure</Filter>
    </ClInclude>
    <ClCompile Include="Engine\Math\Structure\Vector2.cpp">
      <Filter>Engine\Math\Structure</Filter>
    </ClCompile>
    <ClInclude Include="Engine\Math\Structure\Vector2.h">
      <Filter>Engine\Math\Structure</Filter>
    </ClInclude>
    <ClCompile Include="Engine\Math\Structure\Vector3.cpp">
      <Filter>Engine\Math\Structure</Filter>
    </ClCompile>
    <ClInclude Include="Engine\Math\Structure\Vector3.h">
      <Filter>Engine\Math\Structure</Filter>
    </ClInclude>
    <ClCompile Include="Engine\Math\Structure\Vector4.cpp">
      <Filter>Engine\Math\Structure</Filter>
    </ClCompile>
    <ClInclude Include="Engine\Math\Structure\Vector4.h">
      <Filter>Engine\Math\Structure</Filter>
    </ClInclude>
    <ClInclude Include="Engine\Math\AnimationStruct.h">
      <Filter>Engine\Math</Filter>
    </ClInclude>
    <ClInclude Include="Engine\Math\ModelStruct.h">
      <Filter>Engine\Math</Filter>
    </ClInclude>
    <ClInclude Include="Engine\Math\PipelineStruct.h">
      <Filter>Engine\Math</Filter>
    </ClInclude>
    <ClCompile Include="Game\Collision\CollisionFilter.cpp">
      <Filter>Game\Collision</Filter>
    </ClCompile>
    <ClInclude Include="Game\Collision\CollisionFilter.h">
      <Filter>Game\Collision</Filter>
    </ClInclude>
    <ClCompile Include="Game\GameCamera\GameCamera.cpp">
      <Filter>Game\GameCamera</Filter>
    </ClCompile>
    <ClInclude Include="Game\GameCamera\GameCamera.h">
      <Filter>Game\GameCamera</Filter>
    </ClInclude>
    <ClCompile Include="Game\Objects\Character\BaseCharacter.cpp">
      <Filter>Game\Objects\Character</Filter>
    </ClCompile>
    <ClInclude Include="Game\Objects\Character\BaseCharacter.h">
      <Filter>Game\Objects\Character</Filter>
    </ClInclude>
    <ClCompile Include="Game\Objects\Enemy\AdjustItem\EnemyAdjustItem.cpp">
      <Filter>Game\Objects\Enemy\AdjustItem</Filter>
    </ClCompile>
    <ClInclude Include="Game\Objects\Enemy\AdjustItem\EnemyAdjustItem.h">
      <Filter>Game\Objects\Enemy\AdjustItem</Filter>
    </ClInclude>
    <ClCompile Include="Game\Objects\Enemy\Base\BaseEnemy.cpp">
      <Filter>Game\Objects\Enemy\Base</Filter>
    </ClCompile>
    <ClInclude Include="Game\Objects\Enemy\Base\BaseEnemy.h">
      <Filter>Game\Objects\Enemy\Base</Filter>
    </ClInclude>
    <ClCompile Include="Game\Objects\Enemy\Base\MeleeEnemy.cpp">
      <Filter>Game\Objects\Enemy\Base</Filter>
    </ClCompile>
    <ClInclude Include="Game\Objects\Enemy\Base\MeleeEnemy.h">
      <Filter>Game\Objects\Enemy\Base</Filter>
    </ClInclude>
    <ClCompile Include="Game\Objects\Enemy\Base\RangedEliteEnemy.cpp">
      <Filter>Game\Objects\Enemy\Base</Filter>
    </ClCompile>
    <ClInclude Include="Game\Objects\Enemy\Base\RangedEliteEnemy.h">
      <Filter>Game\Objects\Enemy\Base</Filter>
    </ClInclude>
    <ClCompile Include="Game\Objects\Enemy\Base\RangedEnemy.cpp">
      <Filter>Game\Objects\Enemy\Base</Filter>
    </ClCompile>
    <ClInclude Include="Game\Objects\Enemy\Base\RangedEnemy.h">
      <Filter>Game\Objects\Enemy\Base</Filter>
    </ClInclude>
    <ClCompile Include="Game\Objects\Enemy\Base\ShieldBearerEnemy.cpp">
      <Filter>Game\Objects\Enemy\Base</Filter>
    </ClCompile>
    <ClInclude Include="Game\Objects\Enemy\Base\ShieldBearerEnemy.h">
      <Filter>Game\Objects\Enemy\Base</Filter>
    </ClInclude>
    <ClCompile Include="Game\Objects\Enemy\Bullet\EnemyBullet.cpp">
      <Filter>Game\Objects\Enemy\Bullet</Filter>
    </ClCompile>
    <ClInclude Include="Game\Objects\Enemy\Bullet\EnemyBullet.h">
      <Filter>Game\Objects\Enemy\Bullet</Filter>
    </ClInclude>
    <ClCompile Include="Game\Objects\Enemy\Effect\EnemyEffect.cpp">
      <Filter>Game\Objects\Enemy\Effect</Filter>
    </ClCompile>
    <ClInclude Include="Game\Objects\Enemy\Effect\EnemyEffect.h">
      <Filter>Game\Objects\Enemy\Effect</Filter>
    </ClInclude>
    <ClCompile Include="Game\Objects\Enemy\Ray\EnemyRay.cpp">
      <Filter>Game\Objects\Enemy\Ray</Filter>
    </ClCompile>
    <ClInclude Include="Game\Objects\Enemy\Ray\EnemyRay.h">
      <Filter>Game\Objects\Enemy\Ray</Filter>
    </ClInclude>
    <ClCompile Include="Game\Objects\Enemy\Spawner\EnemySpawner.cpp">
      <Filter>Game\Objects\Enemy\Spawner</Filter>
    </ClCompile>
    <ClInclude Include="Game\Objects\Enemy\Spawner\EnemySpawner.h">
      <Filter>Game\Objects\Enemy\Spawner</Filter>
    </ClInclude>
    <ClCompile Include="Game\Objects\Enemy\Spawner\EnemySpawnerFactory.cpp">
      <Filter>Game\Objects\Enemy\Spawner</Filter>
    </ClCompile>
    <ClInclude Include="Game\Objects\Enemy\Spawner\EnemySpawnerFactory.h">
      <Filter>Game\Objects\Enemy\Spawner</Filter>
    </ClInclude>
    <ClCompile Include="Game\Objects\Enemy\State\Melee\EnemyMelee_AttackState.cpp">
      <Filter>Game\Objects\Enemy\State\Melee</Filter>
    </ClCompile>
    <ClInclude Include="Game\Objects\Enemy\State\Melee\EnemyMelee_AttackState.h">
      <Filter>Game\Objects\Enemy\State\Melee</Filter>
    </ClInclude>
    <ClCompile Include="Game\Objects\Enemy\State\Ranged\EnemyRanged_AttackState.cpp">
      <Filter>Game\Objects\Enemy\State\Ranged</Filter>
    </ClCompile>
    <ClInclude Include="Game\Objects\Enemy\State\Ranged\EnemyRanged_AttackState.h">
      <Filter>Game\Objects\Enemy\State\Ranged</Filter>
    </ClInclude>
    <ClCompile Include="Game\Objects\Enemy\State\RangedElite\EnemyRangedElite_AttackState.cpp">
      <Filter>Game\Objects\Enemy\State\RangedElite</Filter>
    </ClCompile>
    <ClInclude Include="Game\Objects\Enemy\State\RangedElite\EnemyRangedElite_AttackState.h">
      <Filter>Game\Objects\Enemy\State\RangedElite</Filter>
    </ClInclude>
    <ClCompile Include="Game\Objects\Enemy\State\ShieldBearer\EnemyShieldBearer_AttackState.cpp">
      <Filter>Game\Objects\Enemy\State\ShieldBearer</Filter>
    </ClCompile>
    <ClInclude Include="Game\Objects\Enemy\State\ShieldBearer\EnemyShieldBearer_AttackState.h">
      <Filter>Game\Objects\Enemy\State\ShieldBearer</Filter>
    </ClInclude>
    <ClCompile Include="Game\Objects\Enemy\State\EnemyBaseState.cpp">
      <Filter>Game\Objects\Enemy\State</Filter>
    </ClCompile>
    <ClInclude Include="Game\Objects\Enemy\State\EnemyBaseState.h">
      <Filter>Game\Objects\Enemy\State</Filter>
    </ClInclude>
    <ClCompile Include="Game\Objects\Enemy\State\EnemyDeadState.cpp">
      <Filter>Game\Objects\Enemy\State</Filter>
    </ClCompile>
    <ClInclude Include="Game\Objects\Enemy\State\EnemyDeadState.h">
      <Filter>Game\Objects\Enemy\State</Filter>
    </ClInclude>
    <ClCompile Include="Game\Objects\Enemy\State\EnemyMoveState.cpp">
      <Filter>Game\Objects\Enemy\State</Filter>
    </ClCompile>
    <ClInclude Include="Game\Objects\Enemy\State\EnemyMoveState.h">
      <Filter>Game\Objects\Enemy\State</Filter>
    </ClInclude>
    <ClInclude Include="Game\Objects\Enemy\Type\EnemyType.h">
      <Filter>Game\Objects\Enemy\Type</Filter>
    </ClInclude>
    <ClCompile Include="Game\Objects\Enemy\Weapon\Axe\EnemyAxe.cpp">
      <Filter>Game\Objects\Enemy\Weapon\Axe</Filter>
    </ClCompile>
    <ClInclude Include="Game\Objects\Enemy\Weapon\Axe\EnemyAxe.h">
      <Filter>Game\Objects\Enemy\Weapon\Axe</Filter>
    </ClInclude>
    <ClCompile Include="Game\Objects\Enemy\Weapon\Shield\EnemyShield.cpp">
      <Filter>Game\Objects\Enemy\Weapon\Shield</Filter>
    </ClCompile>
    <ClInclude Include="Game\Objects\Enemy\Weapon\Shield\EnemyShield.h">
      <Filter>Game\Objects\Enemy\Weapon\Shield</Filter>
    </ClInclude>
    <ClCompile Include="Game\Objects\Enemy\Weapon\EnemyWeaponBase.cpp">
      <Filter>Game\Objects\Enemy\Weapon</Filter>
    </ClCompile>
    <ClInclude Include="Game\Objects\Enemy\Weapon\EnemyWeaponBase.h">
      <Filter>Game\Objects\Enemy\Weapon</Filter>
    </ClInclude>
    <ClCompile Include="Game\Objects\FieldObject\AdjustItem\FieldObjectAdjustItem.cpp">
      <Filter>Game\Objects\FieldObject\AdjustItem</Filter>
    </ClCompile>
    <ClInclude Include="Game\Objects\FieldObject\AdjustItem\FieldObjectAdjustItem.h">
      <Filter>Game\Objects\FieldObject\AdjustItem</Filter>
    </ClInclude>
    <ClCompile Include="Game\Objects\FieldObject\Effect\FieldObjectEffect.cpp">
      <Filter>Game\Objects\FieldObject\Effect</Filter>
    </ClCompile>
    <ClInclude Include="Game\Objects\FieldObject\Effect\FieldObjectEffect.h">
      <Filter>Game\Objects\FieldObject\Effect</Filter>
    </ClInclude>
    <ClCompile Include="Game\Objects\FieldObject\Factory\FieldObjectFactory.cpp">
      <Filter>Game\Objects\FieldObject\Factory</Filter>
    </ClCompile>
    <ClInclude Include="Game\Objects\FieldObject\Factory\FieldObjectFactory.h">
      <Filter>Game\Objects\FieldObject\Factory</Filter>
    </ClInclude>
    <ClCompile Include="Game\Objects\FieldObject\FieldObject.cpp">
      <Filter>Game\Objects\FieldObject</Filter>
    </ClCompile>
    <ClInclude Include="Game\Objects\FieldObject\FieldObject.h">
      <Filter>Game\Objects\FieldObject</Filter>
    </ClInclude>
    <ClCompile Include="Game\Objects\Player\AdjustItem\PlayerAdjustItem.cpp">
      <Filter>Game\Objects\Player\AdjustItem</Filter>
    </ClCompile>
    <ClInclude Include="Game\Objects\Player\AdjustItem\PlayerAdjustItem.h">
      <Filter>Game\Objects\Player\AdjustItem</Filter>
    </ClInclude>
    <ClCompile Include="Game\Objects\Player\Bullet\PlayerBullet.cpp">
      <Filter>Game\Objects\Player\Bullet</Filter>
    </ClCompile>
    <ClInclude Include="Game\Objects\Player\Bullet\PlayerBullet.h">
      <Filter>Game\Objects\Player\Bullet</Filter>
    </ClInclude>
    <ClCompile Include="Game\Objects\Player\Bullet\PlayerShot.cpp">
      <Filter>Game\Objects\Player\Bullet</Filter>
    </ClCompile>
    <ClInclude Include="Game\Objects\Player\Bullet\PlayerShot.h">
      <Filter>Game\Objects\Player\Bullet</Filter>
    </ClInclude>
    <ClCompile Include="Game\Objects\MuscleCompanion\PredictionObject\PredictionObjects.cpp">
      <Filter>Game\Objects\Player\Bullet</Filter>
    </ClCompile>
    <ClInclude Include="Game\Objects\MuscleCompanion\PredictionObject\PredictionObjects.h">
      <Filter>Game\Objects\Player\Bullet</Filter>
    </ClInclude>
    <ClCompile Include="Game\Objects\Player\Effect\PlayerBulletEffect.cpp">
      <Filter>Game\Objects\Player\Effect</Filter>
    </ClCompile>
    <ClInclude Include="Game\Objects\Player\Effect\PlayerBulletEffect.h">
      <Filter>Game\Objects\Player\Effect</Filter>
    </ClInclude>
    <ClCompile Include="Game\Objects\Player\Effect\PlayerEffect.cpp">
      <Filter>Game\Objects\Player\Effect</Filter>
    </ClCompile>
    <ClInclude Include="Game\Objects\Player\Effect\PlayerEffect.h">
      <Filter>Game\Objects\Player\Effect</Filter>
    </ClInclude>
    <ClCompile Include="Game\Objects\Player\Reticle\PlayerReticle.cpp">
      <Filter>Game\Objects\Player\Reticle</Filter>
    </ClCompile>
    <ClInclude Include="Game\Objects\Player\Reticle\PlayerReticle.h">
      <Filter>Game\Objects\Player\Reticle</Filter>
    </ClInclude>
    <ClCompile Include="Game\Objects\Player\State\PlayerAvoidState.cpp">
      <Filter>Game\Objects\Player\State</Filter>
    </ClCompile>
    <ClInclude Include="Game\Objects\Player\State\PlayerAvoidState.h">
      <Filter>Game\Objects\Player\State</Filter>
    </ClInclude>
    <ClCompile Include="Game\Objects\Player\State\PlayerBaseState.cpp">
      <Filter>Game\Objects\Player\State</Filter>
    </ClCompile>
    <ClInclude Include="Game\Objects\Player\State\PlayerBaseState.h">
      <Filter>Game\Objects\Player\State</Filter>
    </ClInclude>
    <ClCompile Include="Game\Objects\Player\State\PlayerDeadState.cpp">
      <Filter>Game\Objects\Player\State</Filter>
    </ClCompile>
    <ClInclude Include="Game\Objects\Player\State\PlayerDeadState.h">
      <Filter>Game\Objects\Player\State</Filter>
    </ClInclude>
    <ClCompile Include="Game\Objects\Player\State\PlayerMoveState.cpp">
      <Filter>Game\Objects\Player\State</Filter>
    </ClCompile>
    <ClInclude Include="Game\Objects\Player\State\PlayerMoveState.h">
      <Filter>Game\Objects\Player\State</Filter>
    </ClInclude>
    <ClCompile Include="Game\Objects\Player\State\PlayerSpecialMoveState.cpp">
      <Filter>Game\Objects\Player\State</Filter>
    </ClCompile>
    <ClInclude Include="Game\Objects\Player\State\PlayerSpecialMoveState.h">
      <Filter>Game\Objects\Player\State</Filter>
    </ClInclude>
    <ClCompile Include="Game\Objects\Player\Player.cpp">
      <Filter>Game\Objects\Player</Filter>
    </ClCompile>
    <ClInclude Include="Game\Objects\Player\Player.h">
      <Filter>Game\Objects\Player</Filter>
    </ClInclude>
    <ClCompile Include="Game\Scene\GameClear\GameClearScene.cpp">
      <Filter>Game\Scene\GameClear</Filter>
    </ClCompile>
    <ClInclude Include="Game\Scene\GameClear\GameClearScene.h">
      <Filter>Game\Scene\GameClear</Filter>
    </ClInclude>
    <ClCompile Include="Game\Scene\GameOver\GameOverScene.cpp">
      <Filter>Game\Scene\GameOver</Filter>
    </ClCompile>
    <ClInclude Include="Game\Scene\GameOver\GameOverScene.h">
      <Filter>Game\Scene\GameOver</Filter>
    </ClInclude>
    <ClCompile Include="Game\Scene\GameScene\GamePlayScene.cpp">
      <Filter>Game\Scene\GameScene</Filter>
    </ClCompile>
    <ClInclude Include="Game\Scene\GameScene\GamePlayScene.h">
      <Filter>Game\Scene\GameScene</Filter>
    </ClInclude>
    <ClCompile Include="Game\Scene\SceneFade\SceneFade.cpp">
      <Filter>Game\Scene\SceneFade</Filter>
    </ClCompile>
    <ClInclude Include="Game\Scene\SceneFade\SceneFade.h">
      <Filter>Game\Scene\SceneFade</Filter>
    </ClInclude>
    <ClCompile Include="Game\Scene\TitleScene\TitleScene.cpp">
      <Filter>Game\Scene\TitleScene</Filter>
    </ClCompile>
    <ClInclude Include="Game\Scene\TitleScene\TitleScene.h">
      <Filter>Game\Scene\TitleScene</Filter>
    </ClInclude>
    <ClCompile Include="Game\SearchAlgorithm\Collision\MapCollision.cpp">
      <Filter>Game\SearchAlgorithm\Collision</Filter>
    </ClCompile>
    <ClInclude Include="Game\SearchAlgorithm\Collision\MapCollision.h">
      <Filter>Game\SearchAlgorithm\Collision</Filter>
    </ClInclude>
    <ClCompile Include="Game\SearchAlgorithm\DebugGrid\DrawGrid.cpp">
      <Filter>Game\SearchAlgorithm\DebugGrid</Filter>
    </ClCompile>
    <ClInclude Include="Game\SearchAlgorithm\DebugGrid\DrawGrid.h">
      <Filter>Game\SearchAlgorithm\DebugGrid</Filter>
    </ClInclude>
    <ClCompile Include="Game\SearchAlgorithm\Movement\SplineMover.cpp">
      <Filter>Game\SearchAlgorithm\Movement</Filter>
    </ClCompile>
    <ClInclude Include="Game\SearchAlgorithm\Movement\SplineMover.h">
      <Filter>Game\SearchAlgorithm\Movement</Filter>
    </ClInclude>
    <ClCompile Include="Game\SearchAlgorithm\Navigation\PathFinder.cpp">
      <Filter>Game\SearchAlgorithm\Navigation</Filter>
    </ClCompile>
    <ClInclude Include="Game\SearchAlgorithm\Navigation\PathFinder.h">
      <Filter>Game\SearchAlgorithm\Navigation</Filter>
    </ClInclude>
    <ClCompile Include="Game\SearchAlgorithm\Sample\AlgorithmTest.cpp">
      <Filter>Game\SearchAlgorithm\Sample</Filter>
    </ClCompile>
    <ClInclude Include="Game\SearchAlgorithm\Sample\AlgorithmTest.h">
      <Filter>Game\SearchAlgorithm\Sample</Filter>
    </ClInclude>
    <ClCompile Include="Game\Uis\GameClearUI\GameClearUI.cpp">
      <Filter>Game\Uis\GameClearUI</Filter>
    </ClCompile>
    <ClInclude Include="Game\Uis\GameClearUI\GameClearUI.h">
      <Filter>Game\Uis\GameClearUI</Filter>
    </ClInclude>
    <ClCompile Include="Game\Uis\GameOverUI\GameOverUI.cpp">
      <Filter>Game\Uis\GameOverUI</Filter>
    </ClCompile>
    <ClInclude Include="Game\Uis\GameOverUI\GameOverUI.h">
      <Filter>Game\Uis\GameOverUI</Filter>
    </ClInclude>
    <ClCompile Include="Game\Uis\GameSceneUIs\GameSceneUIs.cpp">
      <Filter>Game\Uis\GameSceneUIs</Filter>
    </ClCompile>
    <ClInclude Include="Game\Uis\GameSceneUIs\GameSceneUIs.h">
      <Filter>Game\Uis\GameSceneUIs</Filter>
    </ClInclude>
    <ClCompile Include="Game\Uis\GameSceneUIs\PlayerControlUI.cpp">
      <Filter>Game\Uis\GameSceneUIs</Filter>
    </ClCompile>
    <ClInclude Include="Game\Uis\GameSceneUIs\PlayerControlUI.h">
      <Filter>Game\Uis\GameSceneUIs</Filter>
    </ClInclude>
    <ClCompile Include="Game\Uis\GameSceneUIs\PlayerMenuUI.cpp">
      <Filter>Game\Uis\GameSceneUIs</Filter>
    </ClCompile>
    <ClInclude Include="Game\Uis\GameSceneUIs\PlayerMenuUI.h">
      <Filter>Game\Uis\GameSceneUIs</Filter>
    </ClInclude>
    <ClCompile Include="Game\Uis\Player\PlayerBulletUI.cpp">
      <Filter>Game\Uis\Player</Filter>
    </ClCompile>
    <ClInclude Include="Game\Uis\Player\PlayerBulletUI.h">
      <Filter>Game\Uis\Player</Filter>
    </ClInclude>
    <ClCompile Include="Game\Uis\Player\NumberCountUI.cpp">
      <Filter>Game\Uis\Player</Filter>
    </ClCompile>
    <ClInclude Include="Game\Uis\Player\NumberCountUI.h">
      <Filter>Game\Uis\Player</Filter>
    </ClInclude>
    <ClCompile Include="Game\Uis\Select\AdjustItem\SelectAdjustItem.cpp">
      <Filter>Game\Uis\Select\AdjustItem</Filter>
    </ClCompile>
    <ClInclude Include="Game\Uis\Select\AdjustItem\SelectAdjustItem.h">
      <Filter>Game\Uis\Select\AdjustItem</Filter>
    </ClInclude>
    <ClCompile Include="Game\Uis\Select\SelectSystem.cpp">
      <Filter>Game\Uis\Select</Filter>
    </ClCompile>
    <ClInclude Include="Game\Uis\Select\SelectSystem.h">
      <Filter>Game\Uis\Select</Filter>
    </ClInclude>
    <ClCompile Include="Game\Uis\Select\SelectUI.cpp">
      <Filter>Game\Uis\Select</Filter>
    </ClCompile>
    <ClInclude Include="Game\Uis\Select\SelectUI.h">
      <Filter>Game\Uis\Select</Filter>
    </ClInclude>
    <ClCompile Include="Game\Uis\TitleUI\TitleUI.cpp">
      <Filter>Game\Uis\TitleUI</Filter>
    </ClCompile>
    <ClInclude Include="Game\Uis\TitleUI\TitleUI.h">
      <Filter>Game\Uis\TitleUI</Filter>
    </ClInclude>
    <None Include="Resources\Shaders\Fullscreen.hlsli">
      <Filter>Resources\Shaders</Filter>
    </None>
    <None Include="Resources\Shaders\Line3d.hlsli">
      <Filter>Resources\Shaders</Filter>
    </None>
    <None Include="Resources\Shaders\Object3d.hlsli">
      <Filter>Resources\Shaders</Filter>
    </None>
    <None Include="Resources\Shaders\Particle.hlsli">
      <Filter>Resources\Shaders</Filter>
    </None>
    <None Include="Resources\Shaders\PrimitiveDrawr.hlsli">
      <Filter>Resources\Shaders</Filter>
    </None>
    <None Include="Resources\Shaders\Skybox.hlsli">
      <Filter>Resources\Shaders</Filter>
    </None>
    <None Include="Resources\Shaders\Sprite.hlsli">
      <Filter>Resources\Shaders</Filter>
    </None>
    <FxCompile Include="Resources\Shaders\SpriteDissolve.PS.hlsl">
      <Filter>Resources\Shaders</Filter>
    </FxCompile>
    <ClCompile Include="main.cpp" />
    <ClCompile Include="Game\Objects\MuscleCompanion\Base\MuscleCompanion.cpp" />
    <ClCompile Include="Game\Objects\MuscleCompanion\Manager\MuscleCompanionManager.cpp" />
    <ClCompile Include="Game\Objects\MuscleCompanion\State\CompanionBaseState.cpp" />
    <ClCompile Include="Game\Objects\MuscleCompanion\State\CompanionMoveState.cpp" />
    <ClCompile Include="Game\Objects\MuscleCompanion\AdjustItem\CompanionAdjustItem.cpp" />
    <ClCompile Include="Game\Objects\MuscleCompanion\State\CompanionIdleState.cpp" />
    <ClCompile Include="Game\Objects\MuscleCompanion\State\CompanionAttackState.cpp" />
    <ClCompile Include="Game\Objects\MuscleCompanion\State\CompanionDashState.cpp" />
    <ClCompile Include="Game\Objects\Enemy\State\EnemyHitJumpState.cpp" />
    <ClCompile Include="Game\Objects\MuscleCompanion\Collider\CompanionAttackCollider.cpp" />
    <ClCompile Include="Game\Objects\MuscleCompanion\Collider\CompanionFollowerCollider.cpp" />
    <ClCompile Include="Game\Objects\MuscleCompanion\Effect\CompanionEffect.cpp" />
    <ClCompile Include="Game\Objects\MuscleCompanion\State\CompanionDeadState.cpp" />
    <ClCompile Include="Game\Objects\Boss\Base\BossEnemy.cpp" />
    <ClCompile Include="Game\Objects\Boss\State\BossBaseState.cpp" />
    <ClCompile Include="Game\Objects\Boss\State\BossMoveState.cpp" />
    <ClCompile Include="Game\Objects\Boss\AdjustItem\BossAdjustItem.cpp" />
    <ClCompile Include="Game\Objects\Boss\State\BossEnemySpawnState.cpp" />
    <ClCompile Include="Game\Objects\Boss\State\BossJumpAttackState.cpp" />
    <ClCompile Include="Game\Objects\Boss\State\BossDashAttackState.cpp" />
    <ClCompile Include="Game\Objects\Boss\State\BossMeleeState.cpp" />
    <ClCompile Include="Game\Objects\Boss\Collider\BossAttackCollider.cpp" />
    <ClCompile Include="Game\Objects\Boss\Ray\BossRay.cpp" />
    <ClCompile Include="Game\Objects\Boss\Evaluator\BossStateEvaluator.cpp" />
    <ClCompile Include="Game\Objects\Boss\State\BossDownState.cpp" />
    <ClCompile Include="Game\Objects\MuscleCompanion\State\CompanionKnockbackState.cpp" />
    <ClCompile Include="Game\Objects\Boss\State\BossDeadState.cpp" />
    <ClCompile Include="Game\Uis\GameSceneUIs\AdjustItem\GameUiAdjustItem.cpp" />
    <ClCompile Include="Game\Objects\Boss\State\BossIdleState.cpp" />
    <ClCompile Include="Game\Objects\Boss\Effect\BossEffect.cpp" />
    <ClCompile Include="Game\GameCamera\AdjustItem\CameraAdjustItem.cpp" />
    <ClCompile Include="Game\Objects\Boss\State\BossAppearState.cpp" />
    <ClCompile Include="Game\Objects\Enemy\State\EnemyKnockbackState.cpp" />
    <ClCompile Include="Game\Uis\Boss\BossHpUI.cpp" />
    <ClCompile Include="Game\Objects\Player\Bullet\PredictionObject.cpp" />
    <ClCompile Include="Game\Objects\MuscleCompanion\Effect\NextArrowEffect.cpp" />
    <ClCompile Include="Game\Objects\MuscleCompanion\State\CompanionShieldKnockbackState.cpp" />
    <ClCompile Include="Game\Objects\Enemy\Effect\EnemyBulletPredictionEffect.cpp" />
    <ClCompile Include="Game\Objects\Boss\Collider\BossDashPrediction.cpp" />
    <ClCompile Include="Game\Objects\MuscleCompanion\State\CompanionClearState.cpp" />
  </ItemGroup>
  <ItemGroup>
    <ClInclude Include="Game\Objects\MuscleCompanion\Base\MuscleCompanion.h" />
    <ClInclude Include="Game\Objects\MuscleCompanion\Manager\MuscleCompanionManager.h" />
    <ClInclude Include="Game\Objects\MuscleCompanion\State\CompanionBaseState.h" />
    <ClInclude Include="Game\Objects\MuscleCompanion\State\CompanionMoveState.h" />
    <ClInclude Include="Game\Objects\MuscleCompanion\AdjustItem\CompanionAdjustItem.h" />
    <ClInclude Include="Game\Objects\MuscleCompanion\State\CompanionIdleState.h" />
    <ClInclude Include="Game\Objects\MuscleCompanion\State\CompanionAttackState.h" />
    <ClInclude Include="Game\Objects\MuscleCompanion\State\CompanionDashState.h" />
    <ClInclude Include="Game\Objects\Enemy\State\EnemyHitJumpState.h" />
    <ClInclude Include="Game\Objects\MuscleCompanion\Collider\CompanionAttackCollider.h" />
    <ClInclude Include="Game\Objects\MuscleCompanion\Collider\CompanionFollowerCollider.h" />
    <ClInclude Include="Game\Objects\MuscleCompanion\Effect\CompanionEffect.h" />
    <ClInclude Include="Game\Objects\MuscleCompanion\State\CompanionDeadState.h" />
    <ClInclude Include="Game\Objects\Boss\Base\BossEnemy.h" />
    <ClInclude Include="Game\Objects\Boss\State\BossBaseState.h" />
    <ClInclude Include="Game\Objects\Boss\State\BossMoveState.h" />
    <ClInclude Include="Game\Objects\Boss\AdjustItem\BossAdjustItem.h" />
    <ClInclude Include="Game\Objects\Boss\State\BossEnemySpawnState.h" />
    <ClInclude Include="Game\Objects\Boss\State\BossJumpAttackState.h" />
    <ClInclude Include="Game\Objects\Boss\State\BossDashAttackState.h" />
    <ClInclude Include="Game\Objects\Boss\State\BossMeleeState.h" />
    <ClInclude Include="Game\Objects\Boss\Collider\BossAttackCollider.h" />
    <ClInclude Include="Game\Objects\Boss\Ray\BossRay.h" />
    <ClInclude Include="Game\Objects\Boss\Evaluator\BossStateEvaluator.h" />
    <ClInclude Include="Game\Objects\Boss\State\BossDownState.h" />
    <ClInclude Include="Game\Objects\MuscleCompanion\State\CompanionKnockbackState.h" />
    <ClInclude Include="Game\Objects\Boss\State\BossDeadState.h" />
    <ClInclude Include="Game\Uis\GameSceneUIs\AdjustItem\GameUiAdjustItem.h" />
    <ClInclude Include="Game\Objects\Boss\State\BossIdleState.h" />
    <ClInclude Include="Game\Objects\Boss\Effect\BossEffect.h" />
    <ClInclude Include="Game\GameCamera\AdjustItem\CameraAdjustItem.h" />
    <ClInclude Include="Game\Objects\Boss\State\BossAppearState.h" />
    <ClInclude Include="Game\Objects\Enemy\State\EnemyKnockbackState.h" />
    <ClInclude Include="Game\Uis\Boss\BossHpUI.h" />
    <ClInclude Include="Game\Objects\Player\Bullet\PredictionObject.h" />
    <ClInclude Include="Game\Objects\MuscleCompanion\Effect\NextArrowEffect.h" />
    <ClInclude Include="Game\Objects\MuscleCompanion\State\CompanionShieldKnockbackState.h" />
    <ClInclude Include="Game\Objects\Enemy\Effect\EnemyBulletPredictionEffect.h" />
    <ClInclude Include="Game\Objects\Boss\Collider\BossDashPrediction.h" />
    <ClInclude Include="Game\Objects\MuscleCompanion\State\CompanionClearState.h" />
  </ItemGroup>
</Project>